// !$*UTF8*$!
{
	archiveVersion = 1;
	classes = {
	};
	objectVersion = 48;
	objects = {

/* Begin PBXBuildFile section */
		3F5772FE1FD87B810022AE91 /* marketplace.xcdatamodeld in Sources */ = {isa = PBXBuildFile; fileRef = 3F5772FC1FD87B810022AE91 /* marketplace.xcdatamodeld */; };
		3F5773131FD880640022AE91 /* CoreDataStore.swift in Sources */ = {isa = PBXBuildFile; fileRef = 3F5773121FD880640022AE91 /* CoreDataStore.swift */; };
		3F5773151FD8809F0022AE91 /* CoreDataCommonMethods.swift in Sources */ = {isa = PBXBuildFile; fileRef = 3F5773141FD8809F0022AE91 /* CoreDataCommonMethods.swift */; };
		3F5773191FD881CF0022AE91 /* ItemSchemaProcessor.swift in Sources */ = {isa = PBXBuildFile; fileRef = 3F5773181FD881CF0022AE91 /* ItemSchemaProcessor.swift */; };
		3F57731F1FD888690022AE91 /* Download.swift in Sources */ = {isa = PBXBuildFile; fileRef = 3F57731E1FD888680022AE91 /* Download.swift */; };
		3F82482C1FD7B26B00996C45 /* CoreLocation.framework in Frameworks */ = {isa = PBXBuildFile; fileRef = 3F82482B1FD7B26B00996C45 /* CoreLocation.framework */; };
		3F95A7661FCF88D80024B8AA /* UploadImageView.swift in Sources */ = {isa = PBXBuildFile; fileRef = 3F95A7651FCF88D80024B8AA /* UploadImageView.swift */; };
		3FA640761FD88F6400294301 /* Item+CoreDataProperties.swift in Sources */ = {isa = PBXBuildFile; fileRef = 3FA6406E1FD88F6400294301 /* Item+CoreDataProperties.swift */; };
		3FA640771FD88F6400294301 /* Picture+CoreDataClass.swift in Sources */ = {isa = PBXBuildFile; fileRef = 3FA6406F1FD88F6400294301 /* Picture+CoreDataClass.swift */; };
		3FA640781FD88F6400294301 /* Picture+CoreDataProperties.swift in Sources */ = {isa = PBXBuildFile; fileRef = 3FA640701FD88F6400294301 /* Picture+CoreDataProperties.swift */; };
		3FA640791FD88F6400294301 /* Tag+CoreDataClass.swift in Sources */ = {isa = PBXBuildFile; fileRef = 3FA640711FD88F6400294301 /* Tag+CoreDataClass.swift */; };
		3FA6407A1FD88F6400294301 /* Tag+CoreDataProperties.swift in Sources */ = {isa = PBXBuildFile; fileRef = 3FA640721FD88F6400294301 /* Tag+CoreDataProperties.swift */; };
		3FA6407B1FD88F6400294301 /* User+CoreDataClass.swift in Sources */ = {isa = PBXBuildFile; fileRef = 3FA640731FD88F6400294301 /* User+CoreDataClass.swift */; };
		3FA6407C1FD88F6400294301 /* User+CoreDataProperties.swift in Sources */ = {isa = PBXBuildFile; fileRef = 3FA640741FD88F6400294301 /* User+CoreDataProperties.swift */; };
		3FA6407E1FD8998400294301 /* Item.swift in Sources */ = {isa = PBXBuildFile; fileRef = 3FA6407D1FD8998400294301 /* Item.swift */; };
		3FA640801FD89E3100294301 /* ItemDataSource.swift in Sources */ = {isa = PBXBuildFile; fileRef = 3FA6407F1FD89E3100294301 /* ItemDataSource.swift */; };
		5A2C089E1FB5470800D884B4 /* SignInTableView.swift in Sources */ = {isa = PBXBuildFile; fileRef = 5A2C089D1FB5470800D884B4 /* SignInTableView.swift */; };
		5A2C08A01FB54F7700D884B4 /* RegisterTableView.swift in Sources */ = {isa = PBXBuildFile; fileRef = 5A2C089F1FB54F7700D884B4 /* RegisterTableView.swift */; };
		5A2C08A21FB5671900D884B4 /* Handy.swift in Sources */ = {isa = PBXBuildFile; fileRef = 5A2C08A11FB5671900D884B4 /* Handy.swift */; };
		5A31408A1FB9194C00C6A3BA /* ItemModel.swift in Sources */ = {isa = PBXBuildFile; fileRef = 5A3140891FB9194C00C6A3BA /* ItemModel.swift */; };
		5A3D5F1D1FC9002E00472FB7 /* UploadItemTableView.swift in Sources */ = {isa = PBXBuildFile; fileRef = 5A3D5F1C1FC9002E00472FB7 /* UploadItemTableView.swift */; };
		5A4397241FC66DE100606AA2 /* SearchTableView.swift in Sources */ = {isa = PBXBuildFile; fileRef = 5A4397231FC66DE100606AA2 /* SearchTableView.swift */; };
		5A4397281FC66FA300606AA2 /* ItemTableViewCell.swift in Sources */ = {isa = PBXBuildFile; fileRef = 5A4397271FC66FA300606AA2 /* ItemTableViewCell.swift */; };
		5A49973C1FC6178B00AB1A1A /* ForgotPasswordView.swift in Sources */ = {isa = PBXBuildFile; fileRef = 5A49973B1FC6178B00AB1A1A /* ForgotPasswordView.swift */; };
		5A49973E1FC6239300AB1A1A /* MenuTableView.swift in Sources */ = {isa = PBXBuildFile; fileRef = 5A49973D1FC6239300AB1A1A /* MenuTableView.swift */; };
		5A8494EA1FAA8E7B00A2A91C /* AppDelegate.swift in Sources */ = {isa = PBXBuildFile; fileRef = 5A8494E91FAA8E7B00A2A91C /* AppDelegate.swift */; };
		5A8494EF1FAA8E7B00A2A91C /* Main.storyboard in Resources */ = {isa = PBXBuildFile; fileRef = 5A8494ED1FAA8E7B00A2A91C /* Main.storyboard */; };
		5A8494F11FAA8E7B00A2A91C /* Assets.xcassets in Resources */ = {isa = PBXBuildFile; fileRef = 5A8494F01FAA8E7B00A2A91C /* Assets.xcassets */; };
		5A8494F41FAA8E7B00A2A91C /* LaunchScreen.storyboard in Resources */ = {isa = PBXBuildFile; fileRef = 5A8494F21FAA8E7B00A2A91C /* LaunchScreen.storyboard */; };
		5A8494FF1FAA8E7B00A2A91C /* MarketplaceTests.swift in Sources */ = {isa = PBXBuildFile; fileRef = 5A8494FE1FAA8E7B00A2A91C /* MarketplaceTests.swift */; };
		5A84950A1FAA8E7B00A2A91C /* MarketplaceUITests.swift in Sources */ = {isa = PBXBuildFile; fileRef = 5A8495091FAA8E7B00A2A91C /* MarketplaceUITests.swift */; };
		5A8495181FB13AD400A2A91C /* HomeView.swift in Sources */ = {isa = PBXBuildFile; fileRef = 5A8495171FB13AD400A2A91C /* HomeView.swift */; };
		5A84951E1FB3D65600A2A91C /* UserProfileView.swift in Sources */ = {isa = PBXBuildFile; fileRef = 5A84951D1FB3D65600A2A91C /* UserProfileView.swift */; };
		5A8495201FB3D72100A2A91C /* ItemView.swift in Sources */ = {isa = PBXBuildFile; fileRef = 5A84951F1FB3D72100A2A91C /* ItemView.swift */; };
		5A8495241FB3D8AC00A2A91C /* CheckoutView.swift in Sources */ = {isa = PBXBuildFile; fileRef = 5A8495231FB3D8AC00A2A91C /* CheckoutView.swift */; };
		5AE94F2C1FBBDCD000E864D9 /* UserModel.swift in Sources */ = {isa = PBXBuildFile; fileRef = 5AE94F2B1FBBDCD000E864D9 /* UserModel.swift */; };
		5AF508A91FD5DE29006A397B /* SendMessageView.swift in Sources */ = {isa = PBXBuildFile; fileRef = 5AF508A81FD5DE29006A397B /* SendMessageView.swift */; };
/* End PBXBuildFile section */

/* Begin PBXContainerItemProxy section */
		5A8494FB1FAA8E7B00A2A91C /* PBXContainerItemProxy */ = {
			isa = PBXContainerItemProxy;
			containerPortal = 5A8494DE1FAA8E7B00A2A91C /* Project object */;
			proxyType = 1;
			remoteGlobalIDString = 5A8494E51FAA8E7B00A2A91C;
			remoteInfo = Marketplace;
		};
		5A8495061FAA8E7B00A2A91C /* PBXContainerItemProxy */ = {
			isa = PBXContainerItemProxy;
			containerPortal = 5A8494DE1FAA8E7B00A2A91C /* Project object */;
			proxyType = 1;
			remoteGlobalIDString = 5A8494E51FAA8E7B00A2A91C;
			remoteInfo = Marketplace;
		};
/* End PBXContainerItemProxy section */

/* Begin PBXFileReference section */
		3F5772BD1FD87A150022AE91 /* CoreData.framework */ = {isa = PBXFileReference; lastKnownFileType = wrapper.framework; name = CoreData.framework; path = System/Library/Frameworks/CoreData.framework; sourceTree = SDKROOT; };
		3F5772FD1FD87B810022AE91 /* marketplace.xcdatamodel */ = {isa = PBXFileReference; lastKnownFileType = wrapper.xcdatamodel; path = marketplace.xcdatamodel; sourceTree = "<group>"; };
		3F5773121FD880640022AE91 /* CoreDataStore.swift */ = {isa = PBXFileReference; lastKnownFileType = sourcecode.swift; name = CoreDataStore.swift; path = ../../CoreDataForArtists_with_tableview/CoreDataForArtists/CoreDataStore.swift; sourceTree = "<group>"; };
		3F5773141FD8809F0022AE91 /* CoreDataCommonMethods.swift */ = {isa = PBXFileReference; lastKnownFileType = sourcecode.swift; name = CoreDataCommonMethods.swift; path = ../../CoreDataForArtists_with_tableview/CoreDataForArtists/CoreDataCommonMethods.swift; sourceTree = "<group>"; };
		3F5773181FD881CF0022AE91 /* ItemSchemaProcessor.swift */ = {isa = PBXFileReference; lastKnownFileType = sourcecode.swift; path = ItemSchemaProcessor.swift; sourceTree = "<group>"; };
		3F57731E1FD888680022AE91 /* Download.swift */ = {isa = PBXFileReference; lastKnownFileType = sourcecode.swift; name = Download.swift; path = ../../CoreDataForArtists_with_tableview/CoreDataForArtists/Download.swift; sourceTree = "<group>"; };
		3F82482B1FD7B26B00996C45 /* CoreLocation.framework */ = {isa = PBXFileReference; lastKnownFileType = wrapper.framework; name = CoreLocation.framework; path = System/Library/Frameworks/CoreLocation.framework; sourceTree = SDKROOT; };
		3F95A7651FCF88D80024B8AA /* UploadImageView.swift */ = {isa = PBXFileReference; lastKnownFileType = sourcecode.swift; path = UploadImageView.swift; sourceTree = "<group>"; };
		3FA640541FD88E1200294301 /* Marketplace-Bridging-Header.h */ = {isa = PBXFileReference; lastKnownFileType = sourcecode.c.h; path = "Marketplace-Bridging-Header.h"; sourceTree = "<group>"; };
		3FA6406E1FD88F6400294301 /* Item+CoreDataProperties.swift */ = {isa = PBXFileReference; lastKnownFileType = sourcecode.swift; path = "Item+CoreDataProperties.swift"; sourceTree = "<group>"; };
		3FA6406F1FD88F6400294301 /* Picture+CoreDataClass.swift */ = {isa = PBXFileReference; lastKnownFileType = sourcecode.swift; path = "Picture+CoreDataClass.swift"; sourceTree = "<group>"; };
		3FA640701FD88F6400294301 /* Picture+CoreDataProperties.swift */ = {isa = PBXFileReference; lastKnownFileType = sourcecode.swift; path = "Picture+CoreDataProperties.swift"; sourceTree = "<group>"; };
		3FA640711FD88F6400294301 /* Tag+CoreDataClass.swift */ = {isa = PBXFileReference; lastKnownFileType = sourcecode.swift; path = "Tag+CoreDataClass.swift"; sourceTree = "<group>"; };
		3FA640721FD88F6400294301 /* Tag+CoreDataProperties.swift */ = {isa = PBXFileReference; lastKnownFileType = sourcecode.swift; path = "Tag+CoreDataProperties.swift"; sourceTree = "<group>"; };
		3FA640731FD88F6400294301 /* User+CoreDataClass.swift */ = {isa = PBXFileReference; lastKnownFileType = sourcecode.swift; path = "User+CoreDataClass.swift"; sourceTree = "<group>"; };
		3FA640741FD88F6400294301 /* User+CoreDataProperties.swift */ = {isa = PBXFileReference; lastKnownFileType = sourcecode.swift; path = "User+CoreDataProperties.swift"; sourceTree = "<group>"; };
		3FA6407D1FD8998400294301 /* Item.swift */ = {isa = PBXFileReference; lastKnownFileType = sourcecode.swift; path = Item.swift; sourceTree = "<group>"; };
		3FA6407F1FD89E3100294301 /* ItemDataSource.swift */ = {isa = PBXFileReference; lastKnownFileType = sourcecode.swift; path = ItemDataSource.swift; sourceTree = "<group>"; };
		5A2C089D1FB5470800D884B4 /* SignInTableView.swift */ = {isa = PBXFileReference; lastKnownFileType = sourcecode.swift; path = SignInTableView.swift; sourceTree = "<group>"; };
		5A2C089F1FB54F7700D884B4 /* RegisterTableView.swift */ = {isa = PBXFileReference; lastKnownFileType = sourcecode.swift; path = RegisterTableView.swift; sourceTree = "<group>"; };
		5A2C08A11FB5671900D884B4 /* Handy.swift */ = {isa = PBXFileReference; lastKnownFileType = sourcecode.swift; path = Handy.swift; sourceTree = "<group>"; };
		5A3140891FB9194C00C6A3BA /* ItemModel.swift */ = {isa = PBXFileReference; lastKnownFileType = sourcecode.swift; path = ItemModel.swift; sourceTree = "<group>"; };
		5A3D5F1C1FC9002E00472FB7 /* UploadItemTableView.swift */ = {isa = PBXFileReference; lastKnownFileType = sourcecode.swift; path = UploadItemTableView.swift; sourceTree = "<group>"; };
		5A4397231FC66DE100606AA2 /* SearchTableView.swift */ = {isa = PBXFileReference; lastKnownFileType = sourcecode.swift; path = SearchTableView.swift; sourceTree = "<group>"; };
		5A4397271FC66FA300606AA2 /* ItemTableViewCell.swift */ = {isa = PBXFileReference; lastKnownFileType = sourcecode.swift; path = ItemTableViewCell.swift; sourceTree = "<group>"; };
		5A49973B1FC6178B00AB1A1A /* ForgotPasswordView.swift */ = {isa = PBXFileReference; lastKnownFileType = sourcecode.swift; path = ForgotPasswordView.swift; sourceTree = "<group>"; };
		5A49973D1FC6239300AB1A1A /* MenuTableView.swift */ = {isa = PBXFileReference; lastKnownFileType = sourcecode.swift; path = MenuTableView.swift; sourceTree = "<group>"; };
		5A8494E61FAA8E7B00A2A91C /* Marketplace.app */ = {isa = PBXFileReference; explicitFileType = wrapper.application; includeInIndex = 0; path = Marketplace.app; sourceTree = BUILT_PRODUCTS_DIR; };
		5A8494E91FAA8E7B00A2A91C /* AppDelegate.swift */ = {isa = PBXFileReference; lastKnownFileType = sourcecode.swift; path = AppDelegate.swift; sourceTree = "<group>"; };
		5A8494EE1FAA8E7B00A2A91C /* Base */ = {isa = PBXFileReference; lastKnownFileType = file.storyboard; name = Base; path = Base.lproj/Main.storyboard; sourceTree = "<group>"; };
		5A8494F01FAA8E7B00A2A91C /* Assets.xcassets */ = {isa = PBXFileReference; lastKnownFileType = folder.assetcatalog; path = Assets.xcassets; sourceTree = "<group>"; };
		5A8494F31FAA8E7B00A2A91C /* Base */ = {isa = PBXFileReference; lastKnownFileType = file.storyboard; name = Base; path = Base.lproj/LaunchScreen.storyboard; sourceTree = "<group>"; };
		5A8494F51FAA8E7B00A2A91C /* Info.plist */ = {isa = PBXFileReference; lastKnownFileType = text.plist.xml; path = Info.plist; sourceTree = "<group>"; };
		5A8494FA1FAA8E7B00A2A91C /* MarketplaceTests.xctest */ = {isa = PBXFileReference; explicitFileType = wrapper.cfbundle; includeInIndex = 0; path = MarketplaceTests.xctest; sourceTree = BUILT_PRODUCTS_DIR; };
		5A8494FE1FAA8E7B00A2A91C /* MarketplaceTests.swift */ = {isa = PBXFileReference; lastKnownFileType = sourcecode.swift; path = MarketplaceTests.swift; sourceTree = "<group>"; };
		5A8495001FAA8E7B00A2A91C /* Info.plist */ = {isa = PBXFileReference; lastKnownFileType = text.plist.xml; path = Info.plist; sourceTree = "<group>"; };
		5A8495051FAA8E7B00A2A91C /* MarketplaceUITests.xctest */ = {isa = PBXFileReference; explicitFileType = wrapper.cfbundle; includeInIndex = 0; path = MarketplaceUITests.xctest; sourceTree = BUILT_PRODUCTS_DIR; };
		5A8495091FAA8E7B00A2A91C /* MarketplaceUITests.swift */ = {isa = PBXFileReference; lastKnownFileType = sourcecode.swift; path = MarketplaceUITests.swift; sourceTree = "<group>"; };
		5A84950B1FAA8E7B00A2A91C /* Info.plist */ = {isa = PBXFileReference; lastKnownFileType = text.plist.xml; path = Info.plist; sourceTree = "<group>"; };
		5A8495171FB13AD400A2A91C /* HomeView.swift */ = {isa = PBXFileReference; lastKnownFileType = sourcecode.swift; path = HomeView.swift; sourceTree = "<group>"; };
		5A84951D1FB3D65600A2A91C /* UserProfileView.swift */ = {isa = PBXFileReference; lastKnownFileType = sourcecode.swift; path = UserProfileView.swift; sourceTree = "<group>"; };
		5A84951F1FB3D72100A2A91C /* ItemView.swift */ = {isa = PBXFileReference; lastKnownFileType = sourcecode.swift; path = ItemView.swift; sourceTree = "<group>"; };
		5A8495231FB3D8AC00A2A91C /* CheckoutView.swift */ = {isa = PBXFileReference; lastKnownFileType = sourcecode.swift; path = CheckoutView.swift; sourceTree = "<group>"; };
		5AE94F2B1FBBDCD000E864D9 /* UserModel.swift */ = {isa = PBXFileReference; lastKnownFileType = sourcecode.swift; path = UserModel.swift; sourceTree = "<group>"; };
		5AF508A81FD5DE29006A397B /* SendMessageView.swift */ = {isa = PBXFileReference; lastKnownFileType = sourcecode.swift; path = SendMessageView.swift; sourceTree = "<group>"; };
/* End PBXFileReference section */

/* Begin PBXFrameworksBuildPhase section */
		5A8494E31FAA8E7B00A2A91C /* Frameworks */ = {
			isa = PBXFrameworksBuildPhase;
			buildActionMask = 2147483647;
			files = (
				3F82482C1FD7B26B00996C45 /* CoreLocation.framework in Frameworks */,
			);
			runOnlyForDeploymentPostprocessing = 0;
		};
		5A8494F71FAA8E7B00A2A91C /* Frameworks */ = {
			isa = PBXFrameworksBuildPhase;
			buildActionMask = 2147483647;
			files = (
			);
			runOnlyForDeploymentPostprocessing = 0;
		};
		5A8495021FAA8E7B00A2A91C /* Frameworks */ = {
			isa = PBXFrameworksBuildPhase;
			buildActionMask = 2147483647;
			files = (
			);
			runOnlyForDeploymentPostprocessing = 0;
		};
/* End PBXFrameworksBuildPhase section */

/* Begin PBXGroup section */
		3F82482A1FD7B26A00996C45 /* Frameworks */ = {
			isa = PBXGroup;
			children = (
				3F5772BD1FD87A150022AE91 /* CoreData.framework */,
				3F82482B1FD7B26B00996C45 /* CoreLocation.framework */,
			);
			name = Frameworks;
			sourceTree = "<group>";
		};
		5A8494DD1FAA8E7B00A2A91C = {
			isa = PBXGroup;
			children = (
				3FA6407D1FD8998400294301 /* Item.swift */,
				3FA6406E1FD88F6400294301 /* Item+CoreDataProperties.swift */,
				3FA6406F1FD88F6400294301 /* Picture+CoreDataClass.swift */,
				3FA640701FD88F6400294301 /* Picture+CoreDataProperties.swift */,
				3FA640711FD88F6400294301 /* Tag+CoreDataClass.swift */,
				3FA640721FD88F6400294301 /* Tag+CoreDataProperties.swift */,
				3FA640731FD88F6400294301 /* User+CoreDataClass.swift */,
				3FA640741FD88F6400294301 /* User+CoreDataProperties.swift */,
				5A8494E81FAA8E7B00A2A91C /* Marketplace */,
				5A8494FD1FAA8E7B00A2A91C /* MarketplaceTests */,
				5A8495081FAA8E7B00A2A91C /* MarketplaceUITests */,
				5A8494E71FAA8E7B00A2A91C /* Products */,
				3F82482A1FD7B26A00996C45 /* Frameworks */,
				3FA640541FD88E1200294301 /* Marketplace-Bridging-Header.h */,
			);
			sourceTree = "<group>";
		};
		5A8494E71FAA8E7B00A2A91C /* Products */ = {
			isa = PBXGroup;
			children = (
				5A8494E61FAA8E7B00A2A91C /* Marketplace.app */,
				5A8494FA1FAA8E7B00A2A91C /* MarketplaceTests.xctest */,
				5A8495051FAA8E7B00A2A91C /* MarketplaceUITests.xctest */,
			);
			name = Products;
			sourceTree = "<group>";
		};
		5A8494E81FAA8E7B00A2A91C /* Marketplace */ = {
			isa = PBXGroup;
			children = (
				5AC840011FD5EA2200B8FC85 /* Models */,
				5A8494E91FAA8E7B00A2A91C /* AppDelegate.swift */,
				3F5772FC1FD87B810022AE91 /* marketplace.xcdatamodeld */,
				3F5773121FD880640022AE91 /* CoreDataStore.swift */,
				3F5773141FD8809F0022AE91 /* CoreDataCommonMethods.swift */,
				3F57731E1FD888680022AE91 /* Download.swift */,
				5A8494ED1FAA8E7B00A2A91C /* Main.storyboard */,
				5A8494F01FAA8E7B00A2A91C /* Assets.xcassets */,
				5A8494F21FAA8E7B00A2A91C /* LaunchScreen.storyboard */,
				5A8494F51FAA8E7B00A2A91C /* Info.plist */,
				5A8495231FB3D8AC00A2A91C /* CheckoutView.swift */,
				5A49973B1FC6178B00AB1A1A /* ForgotPasswordView.swift */,
				5A2C08A11FB5671900D884B4 /* Handy.swift */,
				5A8495171FB13AD400A2A91C /* HomeView.swift */,
				5A84951F1FB3D72100A2A91C /* ItemView.swift */,
				5A4397271FC66FA300606AA2 /* ItemTableViewCell.swift */,
				5A49973D1FC6239300AB1A1A /* MenuTableView.swift */,
				5A2C089F1FB54F7700D884B4 /* RegisterTableView.swift */,
				5A4397231FC66DE100606AA2 /* SearchTableView.swift */,
				5AF508A81FD5DE29006A397B /* SendMessageView.swift */,
				5A2C089D1FB5470800D884B4 /* SignInTableView.swift */,
				5A3D5F1C1FC9002E00472FB7 /* UploadItemTableView.swift */,
				3F95A7651FCF88D80024B8AA /* UploadImageView.swift */,
				5A84951D1FB3D65600A2A91C /* UserProfileView.swift */,
				3F5773181FD881CF0022AE91 /* ItemSchemaProcessor.swift */,
				3FA6407F1FD89E3100294301 /* ItemDataSource.swift */,
			);
			path = Marketplace;
			sourceTree = "<group>";
		};
		5A8494FD1FAA8E7B00A2A91C /* MarketplaceTests */ = {
			isa = PBXGroup;
			children = (
				5A8494FE1FAA8E7B00A2A91C /* MarketplaceTests.swift */,
				5A8495001FAA8E7B00A2A91C /* Info.plist */,
			);
			path = MarketplaceTests;
			sourceTree = "<group>";
		};
		5A8495081FAA8E7B00A2A91C /* MarketplaceUITests */ = {
			isa = PBXGroup;
			children = (
				5A8495091FAA8E7B00A2A91C /* MarketplaceUITests.swift */,
				5A84950B1FAA8E7B00A2A91C /* Info.plist */,
			);
			path = MarketplaceUITests;
			sourceTree = "<group>";
		};
		5AC840011FD5EA2200B8FC85 /* Models */ = {
			isa = PBXGroup;
			children = (
				5A3140891FB9194C00C6A3BA /* ItemModel.swift */,
				5AE94F2B1FBBDCD000E864D9 /* UserModel.swift */,
			);
			path = Models;
			sourceTree = "<group>";
		};
/* End PBXGroup section */

/* Begin PBXNativeTarget section */
		5A8494E51FAA8E7B00A2A91C /* Marketplace */ = {
			isa = PBXNativeTarget;
			buildConfigurationList = 5A84950E1FAA8E7B00A2A91C /* Build configuration list for PBXNativeTarget "Marketplace" */;
			buildPhases = (
				5A8494E21FAA8E7B00A2A91C /* Sources */,
				5A8494E31FAA8E7B00A2A91C /* Frameworks */,
				5A8494E41FAA8E7B00A2A91C /* Resources */,
			);
			buildRules = (
			);
			dependencies = (
			);
			name = Marketplace;
			productName = Marketplace;
			productReference = 5A8494E61FAA8E7B00A2A91C /* Marketplace.app */;
			productType = "com.apple.product-type.application";
		};
		5A8494F91FAA8E7B00A2A91C /* MarketplaceTests */ = {
			isa = PBXNativeTarget;
			buildConfigurationList = 5A8495111FAA8E7B00A2A91C /* Build configuration list for PBXNativeTarget "MarketplaceTests" */;
			buildPhases = (
				5A8494F61FAA8E7B00A2A91C /* Sources */,
				5A8494F71FAA8E7B00A2A91C /* Frameworks */,
				5A8494F81FAA8E7B00A2A91C /* Resources */,
			);
			buildRules = (
			);
			dependencies = (
				5A8494FC1FAA8E7B00A2A91C /* PBXTargetDependency */,
			);
			name = MarketplaceTests;
			productName = MarketplaceTests;
			productReference = 5A8494FA1FAA8E7B00A2A91C /* MarketplaceTests.xctest */;
			productType = "com.apple.product-type.bundle.unit-test";
		};
		5A8495041FAA8E7B00A2A91C /* MarketplaceUITests */ = {
			isa = PBXNativeTarget;
			buildConfigurationList = 5A8495141FAA8E7B00A2A91C /* Build configuration list for PBXNativeTarget "MarketplaceUITests" */;
			buildPhases = (
				5A8495011FAA8E7B00A2A91C /* Sources */,
				5A8495021FAA8E7B00A2A91C /* Frameworks */,
				5A8495031FAA8E7B00A2A91C /* Resources */,
			);
			buildRules = (
			);
			dependencies = (
				5A8495071FAA8E7B00A2A91C /* PBXTargetDependency */,
			);
			name = MarketplaceUITests;
			productName = MarketplaceUITests;
			productReference = 5A8495051FAA8E7B00A2A91C /* MarketplaceUITests.xctest */;
			productType = "com.apple.product-type.bundle.ui-testing";
		};
/* End PBXNativeTarget section */

/* Begin PBXProject section */
		5A8494DE1FAA8E7B00A2A91C /* Project object */ = {
			isa = PBXProject;
			attributes = {
				LastSwiftUpdateCheck = 0900;
				LastUpgradeCheck = 0900;
				ORGANIZATIONNAME = SSU;
				TargetAttributes = {
					5A8494E51FAA8E7B00A2A91C = {
						CreatedOnToolsVersion = 9.0;
						LastSwiftMigration = 0900;
						ProvisioningStyle = Automatic;
					};
					5A8494F91FAA8E7B00A2A91C = {
						CreatedOnToolsVersion = 9.0;
						ProvisioningStyle = Automatic;
						TestTargetID = 5A8494E51FAA8E7B00A2A91C;
					};
					5A8495041FAA8E7B00A2A91C = {
						CreatedOnToolsVersion = 9.0;
						ProvisioningStyle = Automatic;
						TestTargetID = 5A8494E51FAA8E7B00A2A91C;
					};
				};
			};
			buildConfigurationList = 5A8494E11FAA8E7B00A2A91C /* Build configuration list for PBXProject "Marketplace" */;
			compatibilityVersion = "Xcode 8.0";
			developmentRegion = en;
			hasScannedForEncodings = 0;
			knownRegions = (
				en,
				Base,
			);
			mainGroup = 5A8494DD1FAA8E7B00A2A91C;
			productRefGroup = 5A8494E71FAA8E7B00A2A91C /* Products */;
			projectDirPath = "";
			projectRoot = "";
			targets = (
				5A8494E51FAA8E7B00A2A91C /* Marketplace */,
				5A8494F91FAA8E7B00A2A91C /* MarketplaceTests */,
				5A8495041FAA8E7B00A2A91C /* MarketplaceUITests */,
			);
		};
/* End PBXProject section */

/* Begin PBXResourcesBuildPhase section */
		5A8494E41FAA8E7B00A2A91C /* Resources */ = {
			isa = PBXResourcesBuildPhase;
			buildActionMask = 2147483647;
			files = (
				5A8494F41FAA8E7B00A2A91C /* LaunchScreen.storyboard in Resources */,
				5A8494F11FAA8E7B00A2A91C /* Assets.xcassets in Resources */,
				5A8494EF1FAA8E7B00A2A91C /* Main.storyboard in Resources */,
			);
			runOnlyForDeploymentPostprocessing = 0;
		};
		5A8494F81FAA8E7B00A2A91C /* Resources */ = {
			isa = PBXResourcesBuildPhase;
			buildActionMask = 2147483647;
			files = (
			);
			runOnlyForDeploymentPostprocessing = 0;
		};
		5A8495031FAA8E7B00A2A91C /* Resources */ = {
			isa = PBXResourcesBuildPhase;
			buildActionMask = 2147483647;
			files = (
			);
			runOnlyForDeploymentPostprocessing = 0;
		};
/* End PBXResourcesBuildPhase section */

/* Begin PBXSourcesBuildPhase section */
		5A8494E21FAA8E7B00A2A91C /* Sources */ = {
			isa = PBXSourcesBuildPhase;
			buildActionMask = 2147483647;
			files = (
				3FA640771FD88F6400294301 /* Picture+CoreDataClass.swift in Sources */,
				5A84951E1FB3D65600A2A91C /* UserProfileView.swift in Sources */,
				3F5772FE1FD87B810022AE91 /* marketplace.xcdatamodeld in Sources */,
				3FA6407A1FD88F6400294301 /* Tag+CoreDataProperties.swift in Sources */,
				5A3D5F1D1FC9002E00472FB7 /* UploadItemTableView.swift in Sources */,
				3FA6407E1FD8998400294301 /* Item.swift in Sources */,
				5A4397241FC66DE100606AA2 /* SearchTableView.swift in Sources */,
				3F95A7661FCF88D80024B8AA /* UploadImageView.swift in Sources */,
				3FA640791FD88F6400294301 /* Tag+CoreDataClass.swift in Sources */,
				3FA640801FD89E3100294301 /* ItemDataSource.swift in Sources */,
				5A31408A1FB9194C00C6A3BA /* ItemModel.swift in Sources */,
				5A8495181FB13AD400A2A91C /* HomeView.swift in Sources */,
				5A4397281FC66FA300606AA2 /* ItemTableViewCell.swift in Sources */,
				3F5773191FD881CF0022AE91 /* ItemSchemaProcessor.swift in Sources */,
				5A2C08A01FB54F7700D884B4 /* RegisterTableView.swift in Sources */,
				3FA6407B1FD88F6400294301 /* User+CoreDataClass.swift in Sources */,
				3FA6407C1FD88F6400294301 /* User+CoreDataProperties.swift in Sources */,
				5A49973E1FC6239300AB1A1A /* MenuTableView.swift in Sources */,
				5A2C08A21FB5671900D884B4 /* Handy.swift in Sources */,
				5A8495201FB3D72100A2A91C /* ItemView.swift in Sources */,
				3FA640781FD88F6400294301 /* Picture+CoreDataProperties.swift in Sources */,
				5A49973C1FC6178B00AB1A1A /* ForgotPasswordView.swift in Sources */,
				5A8494EA1FAA8E7B00A2A91C /* AppDelegate.swift in Sources */,
				3F5773151FD8809F0022AE91 /* CoreDataCommonMethods.swift in Sources */,
				3F5773131FD880640022AE91 /* CoreDataStore.swift in Sources */,
				5A8495241FB3D8AC00A2A91C /* CheckoutView.swift in Sources */,
				3FA640761FD88F6400294301 /* Item+CoreDataProperties.swift in Sources */,
				5A2C089E1FB5470800D884B4 /* SignInTableView.swift in Sources */,
				5AF508A91FD5DE29006A397B /* SendMessageView.swift in Sources */,
				5AE94F2C1FBBDCD000E864D9 /* UserModel.swift in Sources */,
				3F57731F1FD888690022AE91 /* Download.swift in Sources */,
			);
			runOnlyForDeploymentPostprocessing = 0;
		};
		5A8494F61FAA8E7B00A2A91C /* Sources */ = {
			isa = PBXSourcesBuildPhase;
			buildActionMask = 2147483647;
			files = (
				5A8494FF1FAA8E7B00A2A91C /* MarketplaceTests.swift in Sources */,
			);
			runOnlyForDeploymentPostprocessing = 0;
		};
		5A8495011FAA8E7B00A2A91C /* Sources */ = {
			isa = PBXSourcesBuildPhase;
			buildActionMask = 2147483647;
			files = (
				5A84950A1FAA8E7B00A2A91C /* MarketplaceUITests.swift in Sources */,
			);
			runOnlyForDeploymentPostprocessing = 0;
		};
/* End PBXSourcesBuildPhase section */

/* Begin PBXTargetDependency section */
		5A8494FC1FAA8E7B00A2A91C /* PBXTargetDependency */ = {
			isa = PBXTargetDependency;
			target = 5A8494E51FAA8E7B00A2A91C /* Marketplace */;
			targetProxy = 5A8494FB1FAA8E7B00A2A91C /* PBXContainerItemProxy */;
		};
		5A8495071FAA8E7B00A2A91C /* PBXTargetDependency */ = {
			isa = PBXTargetDependency;
			target = 5A8494E51FAA8E7B00A2A91C /* Marketplace */;
			targetProxy = 5A8495061FAA8E7B00A2A91C /* PBXContainerItemProxy */;
		};
/* End PBXTargetDependency section */

/* Begin PBXVariantGroup section */
		5A8494ED1FAA8E7B00A2A91C /* Main.storyboard */ = {
			isa = PBXVariantGroup;
			children = (
				5A8494EE1FAA8E7B00A2A91C /* Base */,
			);
			name = Main.storyboard;
			sourceTree = "<group>";
		};
		5A8494F21FAA8E7B00A2A91C /* LaunchScreen.storyboard */ = {
			isa = PBXVariantGroup;
			children = (
				5A8494F31FAA8E7B00A2A91C /* Base */,
			);
			name = LaunchScreen.storyboard;
			sourceTree = "<group>";
		};
/* End PBXVariantGroup section */

/* Begin XCBuildConfiguration section */
		5A84950C1FAA8E7B00A2A91C /* Debug */ = {
			isa = XCBuildConfiguration;
			buildSettings = {
				ALWAYS_SEARCH_USER_PATHS = NO;
				CLANG_ANALYZER_NONNULL = YES;
				CLANG_ANALYZER_NUMBER_OBJECT_CONVERSION = YES_AGGRESSIVE;
				CLANG_CXX_LANGUAGE_STANDARD = "gnu++14";
				CLANG_CXX_LIBRARY = "libc++";
				CLANG_ENABLE_MODULES = YES;
				CLANG_ENABLE_OBJC_ARC = YES;
				CLANG_WARN_BLOCK_CAPTURE_AUTORELEASING = YES;
				CLANG_WARN_BOOL_CONVERSION = YES;
				CLANG_WARN_COMMA = YES;
				CLANG_WARN_CONSTANT_CONVERSION = YES;
				CLANG_WARN_DIRECT_OBJC_ISA_USAGE = YES_ERROR;
				CLANG_WARN_DOCUMENTATION_COMMENTS = YES;
				CLANG_WARN_EMPTY_BODY = YES;
				CLANG_WARN_ENUM_CONVERSION = YES;
				CLANG_WARN_INFINITE_RECURSION = YES;
				CLANG_WARN_INT_CONVERSION = YES;
				CLANG_WARN_NON_LITERAL_NULL_CONVERSION = YES;
				CLANG_WARN_OBJC_LITERAL_CONVERSION = YES;
				CLANG_WARN_OBJC_ROOT_CLASS = YES_ERROR;
				CLANG_WARN_RANGE_LOOP_ANALYSIS = YES;
				CLANG_WARN_STRICT_PROTOTYPES = YES;
				CLANG_WARN_SUSPICIOUS_MOVE = YES;
				CLANG_WARN_UNGUARDED_AVAILABILITY = YES_AGGRESSIVE;
				CLANG_WARN_UNREACHABLE_CODE = YES;
				CLANG_WARN__DUPLICATE_METHOD_MATCH = YES;
				CODE_SIGN_IDENTITY = "iPhone Developer";
				COPY_PHASE_STRIP = NO;
				DEBUG_INFORMATION_FORMAT = dwarf;
				ENABLE_STRICT_OBJC_MSGSEND = YES;
				ENABLE_TESTABILITY = YES;
				GCC_C_LANGUAGE_STANDARD = gnu11;
				GCC_DYNAMIC_NO_PIC = NO;
				GCC_NO_COMMON_BLOCKS = YES;
				GCC_OPTIMIZATION_LEVEL = 0;
				GCC_PREPROCESSOR_DEFINITIONS = (
					"DEBUG=1",
					"$(inherited)",
				);
				GCC_WARN_64_TO_32_BIT_CONVERSION = YES;
				GCC_WARN_ABOUT_RETURN_TYPE = YES_ERROR;
				GCC_WARN_UNDECLARED_SELECTOR = YES;
				GCC_WARN_UNINITIALIZED_AUTOS = YES_AGGRESSIVE;
				GCC_WARN_UNUSED_FUNCTION = YES;
				GCC_WARN_UNUSED_VARIABLE = YES;
				IPHONEOS_DEPLOYMENT_TARGET = 11.0;
				MTL_ENABLE_DEBUG_INFO = YES;
				ONLY_ACTIVE_ARCH = YES;
				SDKROOT = iphoneos;
				SWIFT_ACTIVE_COMPILATION_CONDITIONS = DEBUG;
				SWIFT_OPTIMIZATION_LEVEL = "-Onone";
			};
			name = Debug;
		};
		5A84950D1FAA8E7B00A2A91C /* Release */ = {
			isa = XCBuildConfiguration;
			buildSettings = {
				ALWAYS_SEARCH_USER_PATHS = NO;
				CLANG_ANALYZER_NONNULL = YES;
				CLANG_ANALYZER_NUMBER_OBJECT_CONVERSION = YES_AGGRESSIVE;
				CLANG_CXX_LANGUAGE_STANDARD = "gnu++14";
				CLANG_CXX_LIBRARY = "libc++";
				CLANG_ENABLE_MODULES = YES;
				CLANG_ENABLE_OBJC_ARC = YES;
				CLANG_WARN_BLOCK_CAPTURE_AUTORELEASING = YES;
				CLANG_WARN_BOOL_CONVERSION = YES;
				CLANG_WARN_COMMA = YES;
				CLANG_WARN_CONSTANT_CONVERSION = YES;
				CLANG_WARN_DIRECT_OBJC_ISA_USAGE = YES_ERROR;
				CLANG_WARN_DOCUMENTATION_COMMENTS = YES;
				CLANG_WARN_EMPTY_BODY = YES;
				CLANG_WARN_ENUM_CONVERSION = YES;
				CLANG_WARN_INFINITE_RECURSION = YES;
				CLANG_WARN_INT_CONVERSION = YES;
				CLANG_WARN_NON_LITERAL_NULL_CONVERSION = YES;
				CLANG_WARN_OBJC_LITERAL_CONVERSION = YES;
				CLANG_WARN_OBJC_ROOT_CLASS = YES_ERROR;
				CLANG_WARN_RANGE_LOOP_ANALYSIS = YES;
				CLANG_WARN_STRICT_PROTOTYPES = YES;
				CLANG_WARN_SUSPICIOUS_MOVE = YES;
				CLANG_WARN_UNGUARDED_AVAILABILITY = YES_AGGRESSIVE;
				CLANG_WARN_UNREACHABLE_CODE = YES;
				CLANG_WARN__DUPLICATE_METHOD_MATCH = YES;
				CODE_SIGN_IDENTITY = "iPhone Developer";
				COPY_PHASE_STRIP = NO;
				DEBUG_INFORMATION_FORMAT = "dwarf-with-dsym";
				ENABLE_NS_ASSERTIONS = NO;
				ENABLE_STRICT_OBJC_MSGSEND = YES;
				GCC_C_LANGUAGE_STANDARD = gnu11;
				GCC_NO_COMMON_BLOCKS = YES;
				GCC_WARN_64_TO_32_BIT_CONVERSION = YES;
				GCC_WARN_ABOUT_RETURN_TYPE = YES_ERROR;
				GCC_WARN_UNDECLARED_SELECTOR = YES;
				GCC_WARN_UNINITIALIZED_AUTOS = YES_AGGRESSIVE;
				GCC_WARN_UNUSED_FUNCTION = YES;
				GCC_WARN_UNUSED_VARIABLE = YES;
				IPHONEOS_DEPLOYMENT_TARGET = 11.0;
				MTL_ENABLE_DEBUG_INFO = NO;
				SDKROOT = iphoneos;
				SWIFT_OPTIMIZATION_LEVEL = "-Owholemodule";
				VALIDATE_PRODUCT = YES;
			};
			name = Release;
		};
		5A84950F1FAA8E7B00A2A91C /* Debug */ = {
			isa = XCBuildConfiguration;
			buildSettings = {
				ASSETCATALOG_COMPILER_APPICON_NAME = AppIcon;
				CLANG_ENABLE_MODULES = YES;
				CODE_SIGN_STYLE = Automatic;
				DEVELOPMENT_TEAM = URE9SXL7QY;
				INFOPLIST_FILE = Marketplace/Info.plist;
				LD_RUNPATH_SEARCH_PATHS = "$(inherited) @executable_path/Frameworks";
				PRODUCT_BUNDLE_IDENTIFIER = edu.sonoma.Marketplace;
				PRODUCT_NAME = "$(TARGET_NAME)";
				SWIFT_OBJC_BRIDGING_HEADER = "Marketplace-Bridging-Header.h";
				SWIFT_OPTIMIZATION_LEVEL = "-Onone";
				SWIFT_VERSION = 4.0;
				TARGETED_DEVICE_FAMILY = "1,2";
			};
			name = Debug;
		};
		5A8495101FAA8E7B00A2A91C /* Release */ = {
			isa = XCBuildConfiguration;
			buildSettings = {
				ASSETCATALOG_COMPILER_APPICON_NAME = AppIcon;
				CLANG_ENABLE_MODULES = YES;
				CODE_SIGN_STYLE = Automatic;
				DEVELOPMENT_TEAM = URE9SXL7QY;
				INFOPLIST_FILE = Marketplace/Info.plist;
				LD_RUNPATH_SEARCH_PATHS = "$(inherited) @executable_path/Frameworks";
				PRODUCT_BUNDLE_IDENTIFIER = edu.sonoma.Marketplace;
				PRODUCT_NAME = "$(TARGET_NAME)";
				SWIFT_OBJC_BRIDGING_HEADER = "Marketplace-Bridging-Header.h";
				SWIFT_VERSION = 4.0;
				TARGETED_DEVICE_FAMILY = "1,2";
			};
			name = Release;
		};
		5A8495121FAA8E7B00A2A91C /* Debug */ = {
			isa = XCBuildConfiguration;
			buildSettings = {
				ALWAYS_EMBED_SWIFT_STANDARD_LIBRARIES = YES;
				BUNDLE_LOADER = "$(TEST_HOST)";
				CODE_SIGN_STYLE = Automatic;
				DEVELOPMENT_TEAM = URE9SXL7QY;
				INFOPLIST_FILE = MarketplaceTests/Info.plist;
				LD_RUNPATH_SEARCH_PATHS = "$(inherited) @executable_path/Frameworks @loader_path/Frameworks";
				PRODUCT_BUNDLE_IDENTIFIER = edu.sonoma.MarketplaceTests;
				PRODUCT_NAME = "$(TARGET_NAME)";
				SWIFT_VERSION = 4.0;
				TARGETED_DEVICE_FAMILY = "1,2";
				TEST_HOST = "$(BUILT_PRODUCTS_DIR)/Marketplace.app/Marketplace";
			};
			name = Debug;
		};
		5A8495131FAA8E7B00A2A91C /* Release */ = {
			isa = XCBuildConfiguration;
			buildSettings = {
				ALWAYS_EMBED_SWIFT_STANDARD_LIBRARIES = YES;
				BUNDLE_LOADER = "$(TEST_HOST)";
				CODE_SIGN_STYLE = Automatic;
				DEVELOPMENT_TEAM = URE9SXL7QY;
				INFOPLIST_FILE = MarketplaceTests/Info.plist;
				LD_RUNPATH_SEARCH_PATHS = "$(inherited) @executable_path/Frameworks @loader_path/Frameworks";
				PRODUCT_BUNDLE_IDENTIFIER = edu.sonoma.MarketplaceTests;
				PRODUCT_NAME = "$(TARGET_NAME)";
				SWIFT_VERSION = 4.0;
				TARGETED_DEVICE_FAMILY = "1,2";
				TEST_HOST = "$(BUILT_PRODUCTS_DIR)/Marketplace.app/Marketplace";
			};
			name = Release;
		};
		5A8495151FAA8E7B00A2A91C /* Debug */ = {
			isa = XCBuildConfiguration;
			buildSettings = {
				ALWAYS_EMBED_SWIFT_STANDARD_LIBRARIES = YES;
				CODE_SIGN_STYLE = Automatic;
				DEVELOPMENT_TEAM = URE9SXL7QY;
				INFOPLIST_FILE = MarketplaceUITests/Info.plist;
				LD_RUNPATH_SEARCH_PATHS = "$(inherited) @executable_path/Frameworks @loader_path/Frameworks";
				PRODUCT_BUNDLE_IDENTIFIER = edu.sonoma.MarketplaceUITests;
				PRODUCT_NAME = "$(TARGET_NAME)";
				SWIFT_VERSION = 4.0;
				TARGETED_DEVICE_FAMILY = "1,2";
				TEST_TARGET_NAME = Marketplace;
			};
			name = Debug;
		};
		5A8495161FAA8E7B00A2A91C /* Release */ = {
			isa = XCBuildConfiguration;
			buildSettings = {
				ALWAYS_EMBED_SWIFT_STANDARD_LIBRARIES = YES;
				CODE_SIGN_STYLE = Automatic;
				DEVELOPMENT_TEAM = URE9SXL7QY;
				INFOPLIST_FILE = MarketplaceUITests/Info.plist;
				LD_RUNPATH_SEARCH_PATHS = "$(inherited) @executable_path/Frameworks @loader_path/Frameworks";
				PRODUCT_BUNDLE_IDENTIFIER = edu.sonoma.MarketplaceUITests;
				PRODUCT_NAME = "$(TARGET_NAME)";
				SWIFT_VERSION = 4.0;
				TARGETED_DEVICE_FAMILY = "1,2";
				TEST_TARGET_NAME = Marketplace;
			};
			name = Release;
		};
/* End XCBuildConfiguration section */

/* Begin XCConfigurationList section */
		5A8494E11FAA8E7B00A2A91C /* Build configuration list for PBXProject "Marketplace" */ = {
			isa = XCConfigurationList;
			buildConfigurations = (
				5A84950C1FAA8E7B00A2A91C /* Debug */,
				5A84950D1FAA8E7B00A2A91C /* Release */,
			);
			defaultConfigurationIsVisible = 0;
			defaultConfigurationName = Release;
		};
		5A84950E1FAA8E7B00A2A91C /* Build configuration list for PBXNativeTarget "Marketplace" */ = {
			isa = XCConfigurationList;
			buildConfigurations = (
				5A84950F1FAA8E7B00A2A91C /* Debug */,
				5A8495101FAA8E7B00A2A91C /* Release */,
			);
			defaultConfigurationIsVisible = 0;
			defaultConfigurationName = Release;
		};
		5A8495111FAA8E7B00A2A91C /* Build configuration list for PBXNativeTarget "MarketplaceTests" */ = {
			isa = XCConfigurationList;
			buildConfigurations = (
				5A8495121FAA8E7B00A2A91C /* Debug */,
				5A8495131FAA8E7B00A2A91C /* Release */,
			);
			defaultConfigurationIsVisible = 0;
			defaultConfigurationName = Release;
		};
		5A8495141FAA8E7B00A2A91C /* Build configuration list for PBXNativeTarget "MarketplaceUITests" */ = {
			isa = XCConfigurationList;
			buildConfigurations = (
				5A8495151FAA8E7B00A2A91C /* Debug */,
				5A8495161FAA8E7B00A2A91C /* Release */,
			);
			defaultConfigurationIsVisible = 0;
			defaultConfigurationName = Release;
		};
/* End XCConfigurationList section */

/* Begin XCVersionGroup section */
		3F5772FC1FD87B810022AE91 /* marketplace.xcdatamodeld */ = {
			isa = XCVersionGroup;
			children = (
				3F5772FD1FD87B810022AE91 /* marketplace.xcdatamodel */,
			);
			currentVersion = 3F5772FD1FD87B810022AE91 /* marketplace.xcdatamodel */;
			path = marketplace.xcdatamodeld;
			sourceTree = "<group>";
			versionGroupType = wrapper.xcdatamodel;
		};
/* End XCVersionGroup section */
	};
	rootObject = 5A8494DE1FAA8E7B00A2A91C /* Project object */;
}
